
Microsoft Visual Studio Solution File, Format Version 12.00
# Visual Studio 2013
VisualStudioVersion = 12.0.30723.0
MinimumVisualStudioVersion = 10.0.40219.1
Project("{FAE04EC0-301F-11D3-BF4B-00C04F79EFBC}") = "VRR7780_Prototype", "VRR7780_Prototype\VRR7780_Prototype.csproj", "{ED8BBE75-E547-4237-84E9-FF2208D49069}"
EndProject
Global
	GlobalSection(SolutionConfigurationPlatforms) = preSolution
		Debug|Any CPU = Debug|Any CPU
		Release|Any CPU = Release|Any CPU
	EndGlobalSection
	GlobalSection(ProjectConfigurationPlatforms) = postSolution
		{ED8BBE75-E547-4237-84E9-FF2208D49069}.Debug|Any CPU.ActiveCfg = Debug|Any CPU
		{ED8BBE75-E547-4237-84E9-FF2208D49069}.Debug|Any CPU.Build.0 = Debug|Any CPU
		{ED8BBE75-E547-4237-84E9-FF2208D49069}.Release|Any CPU.ActiveCfg = Release|Any CPU
		{ED8BBE75-E547-4237-84E9-FF2208D49069}.Release|Any CPU.Build.0 = Release|Any CPU
	EndGlobalSection
	GlobalSection(SolutionProperties) = preSolution
		HideSolutionNode = FALSE
	EndGlobalSection
EndGlobal
